
Microsoft Visual Studio Solution File, Format Version 12.00
# Visual Studio 15
VisualStudioVersion = 15.0.27703.2026
MinimumVisualStudioVersion = 10.0.40219.1
Project("{FAE04EC0-301F-11D3-BF4B-00C04F79EFBC}") = "S3-Birk-Repitition", "S3-Birk-Repitition\S3-Birk-Repitition.csproj", "{060A739A-8079-4DE9-9224-A36553F8505F}"
EndProject
Global
	GlobalSection(SolutionConfigurationPlatforms) = preSolution
		Debug|Any CPU = Debug|Any CPU
		Release|Any CPU = Release|Any CPU
	EndGlobalSection
	GlobalSection(ProjectConfigurationPlatforms) = postSolution
		{060A739A-8079-4DE9-9224-A36553F8505F}.Debug|Any CPU.ActiveCfg = Debug|Any CPU
		{060A739A-8079-4DE9-9224-A36553F8505F}.Debug|Any CPU.Build.0 = Debug|Any CPU
		{060A739A-8079-4DE9-9224-A36553F8505F}.Release|Any CPU.ActiveCfg = Release|Any CPU
		{060A739A-8079-4DE9-9224-A36553F8505F}.Release|Any CPU.Build.0 = Release|Any CPU
	EndGlobalSection
	GlobalSection(SolutionProperties) = preSolution
		HideSolutionNode = FALSE
	EndGlobalSection
	GlobalSection(ExtensibilityGlobals) = postSolution
		SolutionGuid = {3F2B0FE9-5947-497A-B805-D321716FFE2F}
	EndGlobalSection
EndGlobal
